
Microsoft Visual Studio Solution File, Format Version 12.00
# Visual Studio Version 17
VisualStudioVersion = 17.4.33205.214
MinimumVisualStudioVersion = 10.0.40219.1
Project("{8BC9CEB8-8B4A-11D0-8D11-00A0C91BC942}") = "Project10", "Project10.vcxproj", "{B0311DB5-6859-46D3-8A1F-C301B5A8D9B7}"
EndProject
Global
	GlobalSection(SolutionConfigurationPlatforms) = preSolution
		Debug|x64 = Debug|x64
		Debug|x86 = Debug|x86
		Release|x64 = Release|x64
		Release|x86 = Release|x86
	EndGlobalSection
	GlobalSection(ProjectConfigurationPlatforms) = postSolution
		{B0311DB5-6859-46D3-8A1F-C301B5A8D9B7}.Debug|x64.ActiveCfg = Debug|x64
		{B0311DB5-6859-46D3-8A1F-C301B5A8D9B7}.Debug|x64.Build.0 = Debug|x64
		{B0311DB5-6859-46D3-8A1F-C301B5A8D9B7}.Debug|x86.ActiveCfg = Debug|Win32
		{B0311DB5-6859-46D3-8A1F-C301B5A8D9B7}.Debug|x86.Build.0 = Debug|Win32
		{B0311DB5-6859-46D3-8A1F-C301B5A8D9B7}.Release|x64.ActiveCfg = Release|x64
		{B0311DB5-6859-46D3-8A1F-C301B5A8D9B7}.Release|x64.Build.0 = Release|x64
		{B0311DB5-6859-46D3-8A1F-C301B5A8D9B7}.Release|x86.ActiveCfg = Release|Win32
		{B0311DB5-6859-46D3-8A1F-C301B5A8D9B7}.Release|x86.Build.0 = Release|Win32
	EndGlobalSection
	GlobalSection(SolutionProperties) = preSolution
		HideSolutionNode = FALSE
	EndGlobalSection
	GlobalSection(ExtensibilityGlobals) = postSolution
		SolutionGuid = {28ADEDD0-10E5-4484-9EE9-18D893300949}
	EndGlobalSection
EndGlobal
